// !$*UTF8*$!
{
	archiveVersion = 1;
	classes = {
	};
	objectVersion = 46;
	objects = {

/* Begin PBXBuildFile section */
		C63CF0B21B218E620017D0FD /* Date.m in Sources */ = {isa = PBXBuildFile; fileRef = C63CF0B11B218E620017D0FD /* Date.m */; };
		C64FA9F11B20EDE60084D1E5 /* AppDelegate.m in Sources */ = {isa = PBXBuildFile; fileRef = C64FA9F01B20EDE60084D1E5 /* AppDelegate.m */; };
		C64FA9F31B20EDE60084D1E5 /* main.m in Sources */ = {isa = PBXBuildFile; fileRef = C64FA9F21B20EDE60084D1E5 /* main.m */; };
		C64FA9F51B20EDE60084D1E5 /* Images.xcassets in Resources */ = {isa = PBXBuildFile; fileRef = C64FA9F41B20EDE60084D1E5 /* Images.xcassets */; };
		C64FA9F81B20EDE60084D1E5 /* MainMenu.xib in Resources */ = {isa = PBXBuildFile; fileRef = C64FA9F61B20EDE60084D1E5 /* MainMenu.xib */; };
		C64FAA041B20EDE60084D1E5 /* popTests.m in Sources */ = {isa = PBXBuildFile; fileRef = C64FAA031B20EDE60084D1E5 /* popTests.m */; };
		C69C91FB1BA882030071B80E /* PrefView.m in Sources */ = {isa = PBXBuildFile; fileRef = C69C91F91BA882030071B80E /* PrefView.m */; settings = {ASSET_TAGS = (); }; };
		C69C91FC1BA882030071B80E /* PrefView.xib in Resources */ = {isa = PBXBuildFile; fileRef = C69C91FA1BA882030071B80E /* PrefView.xib */; settings = {ASSET_TAGS = (); }; };
		C6CD61D21B31C2B600452655 /* BSINABD.TTF in Resources */ = {isa = PBXBuildFile; fileRef = C63CF0B41B223C230017D0FD /* BSINABD.TTF */; };
/* End PBXBuildFile section */

/* Begin PBXContainerItemProxy section */
		C64FA9FE1B20EDE60084D1E5 /* PBXContainerItemProxy */ = {
			isa = PBXContainerItemProxy;
			containerPortal = C64FA9E21B20EDE60084D1E5 /* Project object */;
			proxyType = 1;
			remoteGlobalIDString = C64FA9E91B20EDE60084D1E5;
			remoteInfo = pop;
		};
/* End PBXContainerItemProxy section */

/* Begin PBXFileReference section */
		C63CF0B01B218E620017D0FD /* Date.h */ = {isa = PBXFileReference; fileEncoding = 4; lastKnownFileType = sourcecode.c.h; path = Date.h; sourceTree = "<group>"; };
		C63CF0B11B218E620017D0FD /* Date.m */ = {isa = PBXFileReference; fileEncoding = 4; lastKnownFileType = sourcecode.c.objc; path = Date.m; sourceTree = "<group>"; };
		C63CF0B41B223C230017D0FD /* BSINABD.TTF */ = {isa = PBXFileReference; lastKnownFileType = file; path = BSINABD.TTF; sourceTree = "<group>"; };
		C64FA9EA1B20EDE60084D1E5 /* pop.app */ = {isa = PBXFileReference; explicitFileType = wrapper.application; includeInIndex = 0; path = pop.app; sourceTree = BUILT_PRODUCTS_DIR; };
		C64FA9EE1B20EDE60084D1E5 /* Info.plist */ = {isa = PBXFileReference; lastKnownFileType = text.plist.xml; path = Info.plist; sourceTree = "<group>"; };
		C64FA9EF1B20EDE60084D1E5 /* AppDelegate.h */ = {isa = PBXFileReference; lastKnownFileType = sourcecode.c.h; path = AppDelegate.h; sourceTree = "<group>"; };
		C64FA9F01B20EDE60084D1E5 /* AppDelegate.m */ = {isa = PBXFileReference; lastKnownFileType = sourcecode.c.objc; path = AppDelegate.m; sourceTree = "<group>"; };
		C64FA9F21B20EDE60084D1E5 /* main.m */ = {isa = PBXFileReference; lastKnownFileType = sourcecode.c.objc; path = main.m; sourceTree = "<group>"; };
		C64FA9F41B20EDE60084D1E5 /* Images.xcassets */ = {isa = PBXFileReference; lastKnownFileType = folder.assetcatalog; path = Images.xcassets; sourceTree = "<group>"; };
		C64FA9F71B20EDE60084D1E5 /* Base */ = {isa = PBXFileReference; lastKnownFileType = file.xib; name = Base; path = Base.lproj/MainMenu.xib; sourceTree = "<group>"; };
		C64FA9FD1B20EDE60084D1E5 /* popTests.xctest */ = {isa = PBXFileReference; explicitFileType = wrapper.cfbundle; includeInIndex = 0; path = popTests.xctest; sourceTree = BUILT_PRODUCTS_DIR; };
		C64FAA021B20EDE60084D1E5 /* Info.plist */ = {isa = PBXFileReference; lastKnownFileType = text.plist.xml; path = Info.plist; sourceTree = "<group>"; };
		C64FAA031B20EDE60084D1E5 /* popTests.m */ = {isa = PBXFileReference; lastKnownFileType = sourcecode.c.objc; path = popTests.m; sourceTree = "<group>"; };
		C69C91F81BA882030071B80E /* PrefView.h */ = {isa = PBXFileReference; fileEncoding = 4; lastKnownFileType = sourcecode.c.h; path = PrefView.h; sourceTree = "<group>"; };
		C69C91F91BA882030071B80E /* PrefView.m */ = {isa = PBXFileReference; fileEncoding = 4; lastKnownFileType = sourcecode.c.objc; path = PrefView.m; sourceTree = "<group>"; };
		C69C91FA1BA882030071B80E /* PrefView.xib */ = {isa = PBXFileReference; fileEncoding = 4; lastKnownFileType = file.xib; path = PrefView.xib; sourceTree = "<group>"; };
/* End PBXFileReference section */

/* Begin PBXFrameworksBuildPhase section */
		C64FA9E71B20EDE60084D1E5 /* Frameworks */ = {
			isa = PBXFrameworksBuildPhase;
			buildActionMask = 2147483647;
			files = (
			);
			runOnlyForDeploymentPostprocessing = 0;
		};
		C64FA9FA1B20EDE60084D1E5 /* Frameworks */ = {
			isa = PBXFrameworksBuildPhase;
			buildActionMask = 2147483647;
			files = (
			);
			runOnlyForDeploymentPostprocessing = 0;
		};
/* End PBXFrameworksBuildPhase section */

/* Begin PBXGroup section */
		C64FA9E11B20EDE60084D1E5 = {
			isa = PBXGroup;
			children = (
				C64FA9EC1B20EDE60084D1E5 /* pop */,
				C64FAA001B20EDE60084D1E5 /* popTests */,
				C64FA9EB1B20EDE60084D1E5 /* Products */,
			);
			sourceTree = "<group>";
		};
		C64FA9EB1B20EDE60084D1E5 /* Products */ = {
			isa = PBXGroup;
			children = (
				C64FA9EA1B20EDE60084D1E5 /* pop.app */,
				C64FA9FD1B20EDE60084D1E5 /* popTests.xctest */,
			);
			name = Products;
			sourceTree = "<group>";
		};
		C64FA9EC1B20EDE60084D1E5 /* pop */ = {
			isa = PBXGroup;
			children = (
				C64FA9EF1B20EDE60084D1E5 /* AppDelegate.h */,
				C64FA9F01B20EDE60084D1E5 /* AppDelegate.m */,
				C63CF0B01B218E620017D0FD /* Date.h */,
				C63CF0B11B218E620017D0FD /* Date.m */,
				C69C91F81BA882030071B80E /* PrefView.h */,
				C69C91F91BA882030071B80E /* PrefView.m */,
				C64FA9F61B20EDE60084D1E5 /* MainMenu.xib */,
				C69C91FA1BA882030071B80E /* PrefView.xib */,
				C64FA9F41B20EDE60084D1E5 /* Images.xcassets */,
				C64FA9ED1B20EDE60084D1E5 /* Supporting Files */,
			);
			path = pop;
			sourceTree = "<group>";
		};
		C64FA9ED1B20EDE60084D1E5 /* Supporting Files */ = {
			isa = PBXGroup;
			children = (
				C63CF0B41B223C230017D0FD /* BSINABD.TTF */,
				C64FA9EE1B20EDE60084D1E5 /* Info.plist */,
				C64FA9F21B20EDE60084D1E5 /* main.m */,
			);
			name = "Supporting Files";
			sourceTree = "<group>";
		};
		C64FAA001B20EDE60084D1E5 /* popTests */ = {
			isa = PBXGroup;
			children = (
				C64FAA031B20EDE60084D1E5 /* popTests.m */,
				C64FAA011B20EDE60084D1E5 /* Supporting Files */,
			);
			path = popTests;
			sourceTree = "<group>";
		};
		C64FAA011B20EDE60084D1E5 /* Supporting Files */ = {
			isa = PBXGroup;
			children = (
				C64FAA021B20EDE60084D1E5 /* Info.plist */,
			);
			name = "Supporting Files";
			sourceTree = "<group>";
		};
/* End PBXGroup section */

/* Begin PBXNativeTarget section */
		C64FA9E91B20EDE60084D1E5 /* pop */ = {
			isa = PBXNativeTarget;
			buildConfigurationList = C64FAA071B20EDE60084D1E5 /* Build configuration list for PBXNativeTarget "pop" */;
			buildPhases = (
				C64FA9E61B20EDE60084D1E5 /* Sources */,
				C64FA9E71B20EDE60084D1E5 /* Frameworks */,
				C64FA9E81B20EDE60084D1E5 /* Resources */,
			);
			buildRules = (
			);
			dependencies = (
			);
			name = pop;
			productName = pop;
			productReference = C64FA9EA1B20EDE60084D1E5 /* pop.app */;
			productType = "com.apple.product-type.application";
		};
		C64FA9FC1B20EDE60084D1E5 /* popTests */ = {
			isa = PBXNativeTarget;
			buildConfigurationList = C64FAA0A1B20EDE60084D1E5 /* Build configuration list for PBXNativeTarget "popTests" */;
			buildPhases = (
				C64FA9F91B20EDE60084D1E5 /* Sources */,
				C64FA9FA1B20EDE60084D1E5 /* Frameworks */,
				C64FA9FB1B20EDE60084D1E5 /* Resources */,
			);
			buildRules = (
			);
			dependencies = (
				C64FA9FF1B20EDE60084D1E5 /* PBXTargetDependency */,
			);
			name = popTests;
			productName = popTests;
			productReference = C64FA9FD1B20EDE60084D1E5 /* popTests.xctest */;
			productType = "com.apple.product-type.bundle.unit-test";
		};
/* End PBXNativeTarget section */

/* Begin PBXProject section */
		C64FA9E21B20EDE60084D1E5 /* Project object */ = {
			isa = PBXProject;
			attributes = {
				LastUpgradeCheck = 0700;
				ORGANIZATIONNAME = Armin;
				TargetAttributes = {
					C64FA9E91B20EDE60084D1E5 = {
						CreatedOnToolsVersion = 6.3.2;
					};
					C64FA9FC1B20EDE60084D1E5 = {
						CreatedOnToolsVersion = 6.3.2;
						TestTargetID = C64FA9E91B20EDE60084D1E5;
					};
				};
			};
			buildConfigurationList = C64FA9E51B20EDE60084D1E5 /* Build configuration list for PBXProject "pop" */;
			compatibilityVersion = "Xcode 3.2";
			developmentRegion = English;
			hasScannedForEncodings = 0;
			knownRegions = (
				en,
				Base,
			);
			mainGroup = C64FA9E11B20EDE60084D1E5;
			productRefGroup = C64FA9EB1B20EDE60084D1E5 /* Products */;
			projectDirPath = "";
			projectRoot = "";
			targets = (
				C64FA9E91B20EDE60084D1E5 /* pop */,
				C64FA9FC1B20EDE60084D1E5 /* popTests */,
			);
		};
/* End PBXProject section */

/* Begin PBXResourcesBuildPhase section */
		C64FA9E81B20EDE60084D1E5 /* Resources */ = {
			isa = PBXResourcesBuildPhase;
			buildActionMask = 2147483647;
			files = (
				C64FA9F51B20EDE60084D1E5 /* Images.xcassets in Resources */,
				C69C91FC1BA882030071B80E /* PrefView.xib in Resources */,
				C6CD61D21B31C2B600452655 /* BSINABD.TTF in Resources */,
				C64FA9F81B20EDE60084D1E5 /* MainMenu.xib in Resources */,
			);
			runOnlyForDeploymentPostprocessing = 0;
		};
		C64FA9FB1B20EDE60084D1E5 /* Resources */ = {
			isa = PBXResourcesBuildPhase;
			buildActionMask = 2147483647;
			files = (
			);
			runOnlyForDeploymentPostprocessing = 0;
		};
/* End PBXResourcesBuildPhase section */

/* Begin PBXSourcesBuildPhase section */
		C64FA9E61B20EDE60084D1E5 /* Sources */ = {
			isa = PBXSourcesBuildPhase;
			buildActionMask = 2147483647;
			files = (
				C64FA9F31B20EDE60084D1E5 /* main.m in Sources */,
				C69C91FB1BA882030071B80E /* PrefView.m in Sources */,
				C63CF0B21B218E620017D0FD /* Date.m in Sources */,
				C64FA9F11B20EDE60084D1E5 /* AppDelegate.m in Sources */,
			);
			runOnlyForDeploymentPostprocessing = 0;
		};
		C64FA9F91B20EDE60084D1E5 /* Sources */ = {
			isa = PBXSourcesBuildPhase;
			buildActionMask = 2147483647;
			files = (
				C64FAA041B20EDE60084D1E5 /* popTests.m in Sources */,
			);
			runOnlyForDeploymentPostprocessing = 0;
		};
/* End PBXSourcesBuildPhase section */

/* Begin PBXTargetDependency section */
		C64FA9FF1B20EDE60084D1E5 /* PBXTargetDependency */ = {
			isa = PBXTargetDependency;
			target = C64FA9E91B20EDE60084D1E5 /* pop */;
			targetProxy = C64FA9FE1B20EDE60084D1E5 /* PBXContainerItemProxy */;
		};
/* End PBXTargetDependency section */

/* Begin PBXVariantGroup section */
		C64FA9F61B20EDE60084D1E5 /* MainMenu.xib */ = {
			isa = PBXVariantGroup;
			children = (
				C64FA9F71B20EDE60084D1E5 /* Base */,
			);
			name = MainMenu.xib;
			sourceTree = "<group>";
		};
/* End PBXVariantGroup section */

/* Begin XCBuildConfiguration section */
		C64FAA051B20EDE60084D1E5 /* Debug */ = {
			isa = XCBuildConfiguration;
			buildSettings = {
				ALWAYS_SEARCH_USER_PATHS = NO;
				CLANG_CXX_LANGUAGE_STANDARD = "gnu++0x";
				CLANG_CXX_LIBRARY = "libc++";
				CLANG_ENABLE_MODULES = YES;
				CLANG_ENABLE_OBJC_ARC = YES;
				CLANG_WARN_BOOL_CONVERSION = YES;
				CLANG_WARN_CONSTANT_CONVERSION = YES;
				CLANG_WARN_DIRECT_OBJC_ISA_USAGE = YES_ERROR;
				CLANG_WARN_EMPTY_BODY = YES;
				CLANG_WARN_ENUM_CONVERSION = YES;
				CLANG_WARN_INT_CONVERSION = YES;
				CLANG_WARN_OBJC_ROOT_CLASS = YES_ERROR;
				CLANG_WARN_UNREACHABLE_CODE = YES;
				CLANG_WARN__DUPLICATE_METHOD_MATCH = YES;
				CODE_SIGN_IDENTITY = "-";
				COPY_PHASE_STRIP = NO;
				DEBUG_INFORMATION_FORMAT = dwarf;
				ENABLE_STRICT_OBJC_MSGSEND = YES;
				ENABLE_TESTABILITY = YES;
				GCC_C_LANGUAGE_STANDARD = gnu99;
				GCC_DYNAMIC_NO_PIC = NO;
				GCC_NO_COMMON_BLOCKS = YES;
				GCC_OPTIMIZATION_LEVEL = 0;
				GCC_PREPROCESSOR_DEFINITIONS = (
					"DEBUG=1",
					"$(inherited)",
				);
				GCC_SYMBOLS_PRIVATE_EXTERN = NO;
				GCC_WARN_64_TO_32_BIT_CONVERSION = YES;
				GCC_WARN_ABOUT_RETURN_TYPE = YES_ERROR;
				GCC_WARN_UNDECLARED_SELECTOR = YES;
				GCC_WARN_UNINITIALIZED_AUTOS = YES_AGGRESSIVE;
				GCC_WARN_UNUSED_FUNCTION = YES;
				GCC_WARN_UNUSED_VARIABLE = YES;
				MACOSX_DEPLOYMENT_TARGET = 10.10;
				MTL_ENABLE_DEBUG_INFO = YES;
				ONLY_ACTIVE_ARCH = YES;
				SDKROOT = macosx;
			};
			name = Debug;
		};
		C64FAA061B20EDE60084D1E5 /* Release */ = {
			isa = XCBuildConfiguration;
			buildSettings = {
				ALWAYS_SEARCH_USER_PATHS = NO;
				CLANG_CXX_LANGUAGE_STANDARD = "gnu++0x";
				CLANG_CXX_LIBRARY = "libc++";
				CLANG_ENABLE_MODULES = YES;
				CLANG_ENABLE_OBJC_ARC = YES;
				CLANG_WARN_BOOL_CONVERSION = YES;
				CLANG_WARN_CONSTANT_CONVERSION = YES;
				CLANG_WARN_DIRECT_OBJC_ISA_USAGE = YES_ERROR;
				CLANG_WARN_EMPTY_BODY = YES;
				CLANG_WARN_ENUM_CONVERSION = YES;
				CLANG_WARN_INT_CONVERSION = YES;
				CLANG_WARN_OBJC_ROOT_CLASS = YES_ERROR;
				CLANG_WARN_UNREACHABLE_CODE = YES;
				CLANG_WARN__DUPLICATE_METHOD_MATCH = YES;
				CODE_SIGN_IDENTITY = "-";
				COPY_PHASE_STRIP = NO;
				DEBUG_INFORMATION_FORMAT = "dwarf-with-dsym";
				ENABLE_NS_ASSERTIONS = NO;
				ENABLE_STRICT_OBJC_MSGSEND = YES;
				GCC_C_LANGUAGE_STANDARD = gnu99;
				GCC_NO_COMMON_BLOCKS = YES;
				GCC_WARN_64_TO_32_BIT_CONVERSION = YES;
				GCC_WARN_ABOUT_RETURN_TYPE = YES_ERROR;
				GCC_WARN_UNDECLARED_SELECTOR = YES;
				GCC_WARN_UNINITIALIZED_AUTOS = YES_AGGRESSIVE;
				GCC_WARN_UNUSED_FUNCTION = YES;
				GCC_WARN_UNUSED_VARIABLE = YES;
				MACOSX_DEPLOYMENT_TARGET = 10.10;
				MTL_ENABLE_DEBUG_INFO = NO;
				SDKROOT = macosx;
			};
			name = Release;
		};
		C64FAA081B20EDE60084D1E5 /* Debug */ = {
			isa = XCBuildConfiguration;
			buildSettings = {
				ASSETCATALOG_COMPILER_APPICON_NAME = AppIcon;
				COMBINE_HIDPI_IMAGES = YES;
				FRAMEWORK_SEARCH_PATHS = (
					"$(inherited)",
					"$(PROJECT_DIR)/pop",
				);
				INFOPLIST_FILE = pop/Info.plist;
				LD_RUNPATH_SEARCH_PATHS = "$(inherited) @executable_path/../Frameworks";
				MACOSX_DEPLOYMENT_TARGET = 10.9;
				PRODUCT_BUNDLE_IDENTIFIER = "com.armin.$(PRODUCT_NAME:rfc1034identifier)";
				PRODUCT_NAME = pop;
			};
			name = Debug;
		};
		C64FAA091B20EDE60084D1E5 /* Release */ = {
			isa = XCBuildConfiguration;
			buildSettings = {
				ASSETCATALOG_COMPILER_APPICON_NAME = AppIcon;
				COMBINE_HIDPI_IMAGES = YES;
				FRAMEWORK_SEARCH_PATHS = (
					"$(inherited)",
					"$(PROJECT_DIR)/pop",
				);
				INFOPLIST_FILE = pop/Info.plist;
				LD_RUNPATH_SEARCH_PATHS = "$(inherited) @executable_path/../Frameworks";
				MACOSX_DEPLOYMENT_TARGET = 10.9;
				PRODUCT_BUNDLE_IDENTIFIER = "com.armin.$(PRODUCT_NAME:rfc1034identifier)";
				PRODUCT_NAME = pop;
			};
			name = Release;
		};
		C64FAA0B1B20EDE60084D1E5 /* Debug */ = {
			isa = XCBuildConfiguration;
			buildSettings = {
				BUNDLE_LOADER = "$(TEST_HOST)";
				COMBINE_HIDPI_IMAGES = YES;
				FRAMEWORK_SEARCH_PATHS = (
					"$(DEVELOPER_FRAMEWORKS_DIR)",
					"$(inherited)",
				);
				GCC_PREPROCESSOR_DEFINITIONS = (
					"DEBUG=1",
					"$(inherited)",
				);
				INFOPLIST_FILE = popTests/Info.plist;
				LD_RUNPATH_SEARCH_PATHS = "$(inherited) @executable_path/../Frameworks @loader_path/../Frameworks";
				PRODUCT_BUNDLE_IDENTIFIER = "com.armin.$(PRODUCT_NAME:rfc1034identifier)";
				PRODUCT_NAME = popTests;
				TEST_HOST = "$(BUILT_PRODUCTS_DIR)/pop.app/Contents/MacOS/pop";
			};
			name = Debug;
		};
		C64FAA0C1B20EDE60084D1E5 /* Release */ = {
			isa = XCBuildConfiguration;
			buildSettings = {
				BUNDLE_LOADER = "$(TEST_HOST)";
				COMBINE_HIDPI_IMAGES = YES;
				FRAMEWORK_SEARCH_PATHS = (
					"$(DEVELOPER_FRAMEWORKS_DIR)",
					"$(inherited)",
				);
				INFOPLIST_FILE = popTests/Info.plist;
				LD_RUNPATH_SEARCH_PATHS = "$(inherited) @executable_path/../Frameworks @loader_path/../Frameworks";
				PRODUCT_BUNDLE_IDENTIFIER = "com.armin.$(PRODUCT_NAME:rfc1034identifier)";
				PRODUCT_NAME = popTests;
				TEST_HOST = "$(BUILT_PRODUCTS_DIR)/pop.app/Contents/MacOS/pop";
			};
			name = Release;
		};
/* End XCBuildConfiguration section */

/* Begin XCConfigurationList section */
		C64FA9E51B20EDE60084D1E5 /* Build configuration list for PBXProject "pop" */ = {
			isa = XCConfigurationList;
			buildConfigurations = (
				C64FAA051B20EDE60084D1E5 /* Debug */,
				C64FAA061B20EDE60084D1E5 /* Release */,
			);
			defaultConfigurationIsVisible = 0;
			defaultConfigurationName = Release;
		};
		C64FAA071B20EDE60084D1E5 /* Build configuration list for PBXNativeTarget "pop" */ = {
			isa = XCConfigurationList;
			buildConfigurations = (
				C64FAA081B20EDE60084D1E5 /* Debug */,
				C64FAA091B20EDE60084D1E5 /* Release */,
			);
			defaultConfigurationIsVisible = 0;
			defaultConfigurationName = Release;
		};
		C64FAA0A1B20EDE60084D1E5 /* Build configuration list for PBXNativeTarget "popTests" */ = {
			isa = XCConfigurationList;
			buildConfigurations = (
				C64FAA0B1B20EDE60084D1E5 /* Debug */,
				C64FAA0C1B20EDE60084D1E5 /* Release */,
			);
			defaultConfigurationIsVisible = 0;
			defaultConfigurationName = Release;
		};
/* End XCConfigurationList section */
	};
	rootObject = C64FA9E21B20EDE60084D1E5 /* Project object */;
}
